{
  "name": "auth-proxy",
  "lockfileVersion": 3,
  "requires": true,
  "packages": {
    "": {
      "name": "auth-proxy",
      "dependencies": {
        "http-proxy": "^1.18.1"
      },
      "devDependencies": {
        "@types/http-proxy": "^1.17.14",
        "bun-types": "latest"
      },
      "peerDependencies": {
        "typescript": "^5.0.0"
      }
    },
    "node_modules/@types/http-proxy": {
      "version": "1.17.14",
      "resolved": "https://registry.npmjs.org/@types/http-proxy/-/http-proxy-1.17.14.tgz",
      "integrity": "sha512-SSrD0c1OQzlFX7pGu1eXxSEjemej64aaNPRhhVYUGqXh0BtldAAx37MG8btcumvpgKyZp1F5Gn3JkktdxiFv6w==",
      "dev": true,
      "dependencies": {
        "@types/node": "*"
      }
    },
    "node_modules/@types/node": {
      "version": "20.10.5",
      "dev": true,
      "license": "MIT",
      "dependencies": {
        "undici-types": "~5.26.4"
      }
    },
    "node_modules/@types/node/node_modules/undici-types": {
      "version": "5.26.5",
      "dev": true,
      "license": "MIT"
    },
    "node_modules/@types/ws": {
      "version": "8.5.10",
      "dev": true,
      "license": "MIT",
      "dependencies": {
        "@types/node": "*"
      }
    },
    "node_modules/bun-types": {
      "version": "1.0.20",
      "resolved": "https://registry.npmjs.org/bun-types/-/bun-types-1.0.20.tgz",
      "integrity": "sha512-MB9OwwwNDdolaPBX9TSEq/9WlexEH1n2d5G/fnre/sz0NAzoxYaOgd3cpxNmNGsExMbgxkccSLNcVPV0rrfunA==",
      "dev": true,
      "dependencies": {
        "@types/node": "*",
        "@types/ws": "*",
        "undici-types": "^5.26.4"
      }
    },
    "node_modules/eventemitter3": {
      "version": "4.0.7",
      "license": "MIT"
    },
    "node_modules/follow-redirects": {
      "version": "1.15.3",
      "funding": [
        {
          "type": "individual",
          "url": "https://github.com/sponsors/RubenVerborgh"
        }
      ],
      "license": "MIT",
      "engines": {
        "node": ">=4.0"
      },
      "peerDependenciesMeta": {
        "debug": {
          "optional": true
        }
      }
    },
    "node_modules/http-proxy": {
      "version": "1.18.1",
      "license": "MIT",
      "dependencies": {
        "eventemitter3": "^4.0.0",
        "follow-redirects": "^1.0.0",
        "requires-port": "^1.0.0"
      },
      "engines": {
        "node": ">=8.0.0"
      }
    },
    "node_modules/requires-port": {
      "version": "1.0.0",
      "license": "MIT"
    },
    "node_modules/undici-types": {
      "version": "5.28.2",
      "dev": true,
      "license": "MIT"
    }
  }
}
